{
  "name": "ts-event-emitter",
  "version": "1.0.0",
  "lockfileVersion": 1,
  "requires": true,
  "dependencies": {
    "@types/node": {
      "version": "10.9.4",
      "resolved": "https://registry.npmjs.org/@types/node/-/node-10.9.4.tgz",
      "integrity": "sha512-fCHV45gS+m3hH17zgkgADUSi2RR1Vht6wOZ0jyHP8rjiQra9f+mIcgwPQHllmDocYOstIEbKlxbFDYlgrTPYqw=="
    },
    "tsargs": {
      "version": "1.2.1",
      "resolved": "https://registry.npmjs.org/tsargs/-/tsargs-1.2.1.tgz",
      "integrity": "sha512-mm9yykXwqSchuecjQD/EaKoenh/zGER/fdzZMYiKjlw57S7WRJFVBcVfZS5kcArvzl9F+IKD6g4B90FRgFs6Bw=="
    },
    "typescript": {
      "version": "3.0.3",
      "resolved": "https://registry.npmjs.org/typescript/-/typescript-3.0.3.tgz",
      "integrity": "sha512-kk80vLW9iGtjMnIv11qyxLqZm20UklzuR2tL0QAnDIygIUIemcZMxlMWudl9OOt76H3ntVzcTiddQ1/pAAJMYg==",
      "dev": true
    }
  }
}
